
Microsoft Visual Studio Solution File, Format Version 12.00
# Visual Studio Version 17
VisualStudioVersion = 17.3.32922.545
MinimumVisualStudioVersion = 10.0.40219.1
Project("{FAE04EC0-301F-11D3-BF4B-00C04F79EFBC}") = "DesignPatterns", "DesignPatterns.csproj", "{18853823-36D5-40BE-B025-4D5571C4A29D}"
EndProject
Global
	GlobalSection(SolutionConfigurationPlatforms) = preSolution
		Debug|Any CPU = Debug|Any CPU
		Release|Any CPU = Release|Any CPU
	EndGlobalSection
	GlobalSection(ProjectConfigurationPlatforms) = postSolution
		{18853823-36D5-40BE-B025-4D5571C4A29D}.Debug|Any CPU.ActiveCfg = Debug|Any CPU
		{18853823-36D5-40BE-B025-4D5571C4A29D}.Debug|Any CPU.Build.0 = Debug|Any CPU
		{18853823-36D5-40BE-B025-4D5571C4A29D}.Release|Any CPU.ActiveCfg = Release|Any CPU
		{18853823-36D5-40BE-B025-4D5571C4A29D}.Release|Any CPU.Build.0 = Release|Any CPU
	EndGlobalSection
	GlobalSection(SolutionProperties) = preSolution
		HideSolutionNode = FALSE
	EndGlobalSection
	GlobalSection(ExtensibilityGlobals) = postSolution
		SolutionGuid = {E75D1793-93F6-493B-B7F0-742E87005A9D}
	EndGlobalSection
EndGlobal
